// !$*UTF8*$!
{
	archiveVersion = 1;
	classes = {
	};
	objectVersion = 56;
	objects = {

/* Begin PBXBuildFile section */
		A6F11BDB2BB9C1EA00DA2245 /* health2App.swift in Sources */ = {isa = PBXBuildFile; fileRef = A6F11BDA2BB9C1EA00DA2245 /* health2App.swift */; };
		A6F11BDD2BB9C1EA00DA2245 /* ContentView.swift in Sources */ = {isa = PBXBuildFile; fileRef = A6F11BDC2BB9C1EA00DA2245 /* ContentView.swift */; };
		A6F11BDF2BB9C1EB00DA2245 /* Assets.xcassets in Resources */ = {isa = PBXBuildFile; fileRef = A6F11BDE2BB9C1EB00DA2245 /* Assets.xcassets */; };
		A6F11BE22BB9C1EB00DA2245 /* Preview Assets.xcassets in Resources */ = {isa = PBXBuildFile; fileRef = A6F11BE12BB9C1EB00DA2245 /* Preview Assets.xcassets */; };
		A6F11BEC2BB9C1EB00DA2245 /* health2Tests.swift in Sources */ = {isa = PBXBuildFile; fileRef = A6F11BEB2BB9C1EB00DA2245 /* health2Tests.swift */; };
		A6F11BF62BB9C1EB00DA2245 /* health2UITests.swift in Sources */ = {isa = PBXBuildFile; fileRef = A6F11BF52BB9C1EB00DA2245 /* health2UITests.swift */; };
		A6F11BF82BB9C1EB00DA2245 /* health2UITestsLaunchTests.swift in Sources */ = {isa = PBXBuildFile; fileRef = A6F11BF72BB9C1EB00DA2245 /* health2UITestsLaunchTests.swift */; };
		A6F11C052BB9C33500DA2245 /* ChatViewModel.swift in Sources */ = {isa = PBXBuildFile; fileRef = A6F11C042BB9C33500DA2245 /* ChatViewModel.swift */; };
		A6F11C082BB9CAE300DA2245 /* OpenAISwift in Frameworks */ = {isa = PBXBuildFile; productRef = A6F11C072BB9CAE300DA2245 /* OpenAISwift */; };
		A6F11C0A2BB9D98900DA2245 /* HealthManager.swift in Sources */ = {isa = PBXBuildFile; fileRef = A6F11C092BB9D98900DA2245 /* HealthManager.swift */; };
		A6F11C0D2BB9F5E200DA2245 /* HealthStore.swift in Sources */ = {isa = PBXBuildFile; fileRef = A6F11C0C2BB9F5E200DA2245 /* HealthStore.swift */; };
/* End PBXBuildFile section */

/* Begin PBXContainerItemProxy section */
		A6F11BE82BB9C1EB00DA2245 /* PBXContainerItemProxy */ = {
			isa = PBXContainerItemProxy;
			containerPortal = A6F11BCF2BB9C1EA00DA2245 /* Project object */;
			proxyType = 1;
			remoteGlobalIDString = A6F11BD62BB9C1EA00DA2245;
			remoteInfo = health2;
		};
		A6F11BF22BB9C1EB00DA2245 /* PBXContainerItemProxy */ = {
			isa = PBXContainerItemProxy;
			containerPortal = A6F11BCF2BB9C1EA00DA2245 /* Project object */;
			proxyType = 1;
			remoteGlobalIDString = A6F11BD62BB9C1EA00DA2245;
			remoteInfo = health2;
		};
/* End PBXContainerItemProxy section */

/* Begin PBXFileReference section */
		A6F11BD72BB9C1EA00DA2245 /* health2.app */ = {isa = PBXFileReference; explicitFileType = wrapper.application; includeInIndex = 0; path = health2.app; sourceTree = BUILT_PRODUCTS_DIR; };
		A6F11BDA2BB9C1EA00DA2245 /* health2App.swift */ = {isa = PBXFileReference; lastKnownFileType = sourcecode.swift; path = health2App.swift; sourceTree = "<group>"; };
		A6F11BDC2BB9C1EA00DA2245 /* ContentView.swift */ = {isa = PBXFileReference; lastKnownFileType = sourcecode.swift; path = ContentView.swift; sourceTree = "<group>"; };
		A6F11BDE2BB9C1EB00DA2245 /* Assets.xcassets */ = {isa = PBXFileReference; lastKnownFileType = folder.assetcatalog; path = Assets.xcassets; sourceTree = "<group>"; };
		A6F11BE12BB9C1EB00DA2245 /* Preview Assets.xcassets */ = {isa = PBXFileReference; lastKnownFileType = folder.assetcatalog; path = "Preview Assets.xcassets"; sourceTree = "<group>"; };
		A6F11BE72BB9C1EB00DA2245 /* health2Tests.xctest */ = {isa = PBXFileReference; explicitFileType = wrapper.cfbundle; includeInIndex = 0; path = health2Tests.xctest; sourceTree = BUILT_PRODUCTS_DIR; };
		A6F11BEB2BB9C1EB00DA2245 /* health2Tests.swift */ = {isa = PBXFileReference; lastKnownFileType = sourcecode.swift; path = health2Tests.swift; sourceTree = "<group>"; };
		A6F11BF12BB9C1EB00DA2245 /* health2UITests.xctest */ = {isa = PBXFileReference; explicitFileType = wrapper.cfbundle; includeInIndex = 0; path = health2UITests.xctest; sourceTree = BUILT_PRODUCTS_DIR; };
		A6F11BF52BB9C1EB00DA2245 /* health2UITests.swift */ = {isa = PBXFileReference; lastKnownFileType = sourcecode.swift; path = health2UITests.swift; sourceTree = "<group>"; };
		A6F11BF72BB9C1EB00DA2245 /* health2UITestsLaunchTests.swift */ = {isa = PBXFileReference; lastKnownFileType = sourcecode.swift; path = health2UITestsLaunchTests.swift; sourceTree = "<group>"; };
		A6F11C042BB9C33500DA2245 /* ChatViewModel.swift */ = {isa = PBXFileReference; lastKnownFileType = sourcecode.swift; path = ChatViewModel.swift; sourceTree = "<group>"; };
		A6F11C092BB9D98900DA2245 /* HealthManager.swift */ = {isa = PBXFileReference; lastKnownFileType = sourcecode.swift; path = HealthManager.swift; sourceTree = "<group>"; };
		A6F11C0B2BB9E6FE00DA2245 /* Info.plist */ = {isa = PBXFileReference; lastKnownFileType = text.plist; path = Info.plist; sourceTree = "<group>"; };
		A6F11C0C2BB9F5E200DA2245 /* HealthStore.swift */ = {isa = PBXFileReference; lastKnownFileType = sourcecode.swift; path = HealthStore.swift; sourceTree = "<group>"; };
		A6F11C0E2BB9F99B00DA2245 /* health2.entitlements */ = {isa = PBXFileReference; lastKnownFileType = text.plist.entitlements; path = health2.entitlements; sourceTree = "<group>"; };
/* End PBXFileReference section */

/* Begin PBXFrameworksBuildPhase section */
		A6F11BD42BB9C1EA00DA2245 /* Frameworks */ = {
			isa = PBXFrameworksBuildPhase;
			buildActionMask = 2147483647;
			files = (
				A6F11C082BB9CAE300DA2245 /* OpenAISwift in Frameworks */,
			);
			runOnlyForDeploymentPostprocessing = 0;
		};
		A6F11BE42BB9C1EB00DA2245 /* Frameworks */ = {
			isa = PBXFrameworksBuildPhase;
			buildActionMask = 2147483647;
			files = (
			);
			runOnlyForDeploymentPostprocessing = 0;
		};
		A6F11BEE2BB9C1EB00DA2245 /* Frameworks */ = {
			isa = PBXFrameworksBuildPhase;
			buildActionMask = 2147483647;
			files = (
			);
			runOnlyForDeploymentPostprocessing = 0;
		};
/* End PBXFrameworksBuildPhase section */

/* Begin PBXGroup section */
		A6F11BCE2BB9C1EA00DA2245 = {
			isa = PBXGroup;
			children = (
				A6F11C0C2BB9F5E200DA2245 /* HealthStore.swift */,
				A6F11C092BB9D98900DA2245 /* HealthManager.swift */,
				A6F11C042BB9C33500DA2245 /* ChatViewModel.swift */,
				A6F11BD92BB9C1EA00DA2245 /* health2 */,
				A6F11BEA2BB9C1EB00DA2245 /* health2Tests */,
				A6F11BF42BB9C1EB00DA2245 /* health2UITests */,
				A6F11BD82BB9C1EA00DA2245 /* Products */,
			);
			sourceTree = "<group>";
		};
		A6F11BD82BB9C1EA00DA2245 /* Products */ = {
			isa = PBXGroup;
			children = (
				A6F11BD72BB9C1EA00DA2245 /* health2.app */,
				A6F11BE72BB9C1EB00DA2245 /* health2Tests.xctest */,
				A6F11BF12BB9C1EB00DA2245 /* health2UITests.xctest */,
			);
			name = Products;
			sourceTree = "<group>";
		};
		A6F11BD92BB9C1EA00DA2245 /* health2 */ = {
			isa = PBXGroup;
			children = (
				A6F11C0E2BB9F99B00DA2245 /* health2.entitlements */,
				A6F11C0B2BB9E6FE00DA2245 /* Info.plist */,
				A6F11BDA2BB9C1EA00DA2245 /* health2App.swift */,
				A6F11BDC2BB9C1EA00DA2245 /* ContentView.swift */,
				A6F11BDE2BB9C1EB00DA2245 /* Assets.xcassets */,
				A6F11BE02BB9C1EB00DA2245 /* Preview Content */,
			);
			path = health2;
			sourceTree = "<group>";
		};
		A6F11BE02BB9C1EB00DA2245 /* Preview Content */ = {
			isa = PBXGroup;
			children = (
				A6F11BE12BB9C1EB00DA2245 /* Preview Assets.xcassets */,
			);
			path = "Preview Content";
			sourceTree = "<group>";
		};
		A6F11BEA2BB9C1EB00DA2245 /* health2Tests */ = {
			isa = PBXGroup;
			children = (
				A6F11BEB2BB9C1EB00DA2245 /* health2Tests.swift */,
			);
			path = health2Tests;
			sourceTree = "<group>";
		};
		A6F11BF42BB9C1EB00DA2245 /* health2UITests */ = {
			isa = PBXGroup;
			children = (
				A6F11BF52BB9C1EB00DA2245 /* health2UITests.swift */,
				A6F11BF72BB9C1EB00DA2245 /* health2UITestsLaunchTests.swift */,
			);
			path = health2UITests;
			sourceTree = "<group>";
		};
/* End PBXGroup section */

/* Begin PBXNativeTarget section */
		A6F11BD62BB9C1EA00DA2245 /* health2 */ = {
			isa = PBXNativeTarget;
			buildConfigurationList = A6F11BFB2BB9C1EB00DA2245 /* Build configuration list for PBXNativeTarget "health2" */;
			buildPhases = (
				A6F11BD32BB9C1EA00DA2245 /* Sources */,
				A6F11BD42BB9C1EA00DA2245 /* Frameworks */,
				A6F11BD52BB9C1EA00DA2245 /* Resources */,
			);
			buildRules = (
			);
			dependencies = (
			);
			name = health2;
			packageProductDependencies = (
				A6F11C072BB9CAE300DA2245 /* OpenAISwift */,
			);
			productName = health2;
			productReference = A6F11BD72BB9C1EA00DA2245 /* health2.app */;
			productType = "com.apple.product-type.application";
		};
		A6F11BE62BB9C1EB00DA2245 /* health2Tests */ = {
			isa = PBXNativeTarget;
			buildConfigurationList = A6F11BFE2BB9C1EB00DA2245 /* Build configuration list for PBXNativeTarget "health2Tests" */;
			buildPhases = (
				A6F11BE32BB9C1EB00DA2245 /* Sources */,
				A6F11BE42BB9C1EB00DA2245 /* Frameworks */,
				A6F11BE52BB9C1EB00DA2245 /* Resources */,
			);
			buildRules = (
			);
			dependencies = (
				A6F11BE92BB9C1EB00DA2245 /* PBXTargetDependency */,
			);
			name = health2Tests;
			productName = health2Tests;
			productReference = A6F11BE72BB9C1EB00DA2245 /* health2Tests.xctest */;
			productType = "com.apple.product-type.bundle.unit-test";
		};
		A6F11BF02BB9C1EB00DA2245 /* health2UITests */ = {
			isa = PBXNativeTarget;
			buildConfigurationList = A6F11C012BB9C1EB00DA2245 /* Build configuration list for PBXNativeTarget "health2UITests" */;
			buildPhases = (
				A6F11BED2BB9C1EB00DA2245 /* Sources */,
				A6F11BEE2BB9C1EB00DA2245 /* Frameworks */,
				A6F11BEF2BB9C1EB00DA2245 /* Resources */,
			);
			buildRules = (
			);
			dependencies = (
				A6F11BF32BB9C1EB00DA2245 /* PBXTargetDependency */,
			);
			name = health2UITests;
			productName = health2UITests;
			productReference = A6F11BF12BB9C1EB00DA2245 /* health2UITests.xctest */;
			productType = "com.apple.product-type.bundle.ui-testing";
		};
/* End PBXNativeTarget section */

/* Begin PBXProject section */
		A6F11BCF2BB9C1EA00DA2245 /* Project object */ = {
			isa = PBXProject;
			attributes = {
				BuildIndependentTargetsInParallel = 1;
				LastSwiftUpdateCheck = 1510;
				LastUpgradeCheck = 1510;
				TargetAttributes = {
					A6F11BD62BB9C1EA00DA2245 = {
						CreatedOnToolsVersion = 15.1;
					};
					A6F11BE62BB9C1EB00DA2245 = {
						CreatedOnToolsVersion = 15.1;
						TestTargetID = A6F11BD62BB9C1EA00DA2245;
					};
					A6F11BF02BB9C1EB00DA2245 = {
						CreatedOnToolsVersion = 15.1;
						TestTargetID = A6F11BD62BB9C1EA00DA2245;
					};
				};
			};
			buildConfigurationList = A6F11BD22BB9C1EA00DA2245 /* Build configuration list for PBXProject "health2" */;
			compatibilityVersion = "Xcode 14.0";
			developmentRegion = en;
			hasScannedForEncodings = 0;
			knownRegions = (
				en,
				Base,
			);
			mainGroup = A6F11BCE2BB9C1EA00DA2245;
			packageReferences = (
				A6F11C062BB9CAE300DA2245 /* XCRemoteSwiftPackageReference "OpenAISwift" */,
			);
			productRefGroup = A6F11BD82BB9C1EA00DA2245 /* Products */;
			projectDirPath = "";
			projectRoot = "";
			targets = (
				A6F11BD62BB9C1EA00DA2245 /* health2 */,
				A6F11BE62BB9C1EB00DA2245 /* health2Tests */,
				A6F11BF02BB9C1EB00DA2245 /* health2UITests */,
			);
		};
/* End PBXProject section */

/* Begin PBXResourcesBuildPhase section */
		A6F11BD52BB9C1EA00DA2245 /* Resources */ = {
			isa = PBXResourcesBuildPhase;
			buildActionMask = 2147483647;
			files = (
				A6F11BE22BB9C1EB00DA2245 /* Preview Assets.xcassets in Resources */,
				A6F11BDF2BB9C1EB00DA2245 /* Assets.xcassets in Resources */,
			);
			runOnlyForDeploymentPostprocessing = 0;
		};
		A6F11BE52BB9C1EB00DA2245 /* Resources */ = {
			isa = PBXResourcesBuildPhase;
			buildActionMask = 2147483647;
			files = (
			);
			runOnlyForDeploymentPostprocessing = 0;
		};
		A6F11BEF2BB9C1EB00DA2245 /* Resources */ = {
			isa = PBXResourcesBuildPhase;
			buildActionMask = 2147483647;
			files = (
			);
			runOnlyForDeploymentPostprocessing = 0;
		};
/* End PBXResourcesBuildPhase section */

/* Begin PBXSourcesBuildPhase section */
		A6F11BD32BB9C1EA00DA2245 /* Sources */ = {
			isa = PBXSourcesBuildPhase;
			buildActionMask = 2147483647;
			files = (
				A6F11BDD2BB9C1EA00DA2245 /* ContentView.swift in Sources */,
				A6F11C0D2BB9F5E200DA2245 /* HealthStore.swift in Sources */,
				A6F11C052BB9C33500DA2245 /* ChatViewModel.swift in Sources */,
				A6F11BDB2BB9C1EA00DA2245 /* health2App.swift in Sources */,
				A6F11C0A2BB9D98900DA2245 /* HealthManager.swift in Sources */,
			);
			runOnlyForDeploymentPostprocessing = 0;
		};
		A6F11BE32BB9C1EB00DA2245 /* Sources */ = {
			isa = PBXSourcesBuildPhase;
			buildActionMask = 2147483647;
			files = (
				A6F11BEC2BB9C1EB00DA2245 /* health2Tests.swift in Sources */,
			);
			runOnlyForDeploymentPostprocessing = 0;
		};
		A6F11BED2BB9C1EB00DA2245 /* Sources */ = {
			isa = PBXSourcesBuildPhase;
			buildActionMask = 2147483647;
			files = (
				A6F11BF62BB9C1EB00DA2245 /* health2UITests.swift in Sources */,
				A6F11BF82BB9C1EB00DA2245 /* health2UITestsLaunchTests.swift in Sources */,
			);
			runOnlyForDeploymentPostprocessing = 0;
		};
/* End PBXSourcesBuildPhase section */

/* Begin PBXTargetDependency section */
		A6F11BE92BB9C1EB00DA2245 /* PBXTargetDependency */ = {
			isa = PBXTargetDependency;
			target = A6F11BD62BB9C1EA00DA2245 /* health2 */;
			targetProxy = A6F11BE82BB9C1EB00DA2245 /* PBXContainerItemProxy */;
		};
		A6F11BF32BB9C1EB00DA2245 /* PBXTargetDependency */ = {
			isa = PBXTargetDependency;
			target = A6F11BD62BB9C1EA00DA2245 /* health2 */;
			targetProxy = A6F11BF22BB9C1EB00DA2245 /* PBXContainerItemProxy */;
		};
/* End PBXTargetDependency section */

/* Begin XCBuildConfiguration section */
		A6F11BF92BB9C1EB00DA2245 /* Debug */ = {
			isa = XCBuildConfiguration;
			buildSettings = {
				ALWAYS_SEARCH_USER_PATHS = NO;
				ASSETCATALOG_COMPILER_GENERATE_SWIFT_ASSET_SYMBOL_EXTENSIONS = YES;
				CLANG_ANALYZER_NONNULL = YES;
				CLANG_ANALYZER_NUMBER_OBJECT_CONVERSION = YES_AGGRESSIVE;
				CLANG_CXX_LANGUAGE_STANDARD = "gnu++20";
				CLANG_ENABLE_MODULES = YES;
				CLANG_ENABLE_OBJC_ARC = YES;
				CLANG_ENABLE_OBJC_WEAK = YES;
				CLANG_WARN_BLOCK_CAPTURE_AUTORELEASING = YES;
				CLANG_WARN_BOOL_CONVERSION = YES;
				CLANG_WARN_COMMA = YES;
				CLANG_WARN_CONSTANT_CONVERSION = YES;
				CLANG_WARN_DEPRECATED_OBJC_IMPLEMENTATIONS = YES;
				CLANG_WARN_DIRECT_OBJC_ISA_USAGE = YES_ERROR;
				CLANG_WARN_DOCUMENTATION_COMMENTS = YES;
				CLANG_WARN_EMPTY_BODY = YES;
				CLANG_WARN_ENUM_CONVERSION = YES;
				CLANG_WARN_INFINITE_RECURSION = YES;
				CLANG_WARN_INT_CONVERSION = YES;
				CLANG_WARN_NON_LITERAL_NULL_CONVERSION = YES;
				CLANG_WARN_OBJC_IMPLICIT_RETAIN_SELF = YES;
				CLANG_WARN_OBJC_LITERAL_CONVERSION = YES;
				CLANG_WARN_OBJC_ROOT_CLASS = YES_ERROR;
				CLANG_WARN_QUOTED_INCLUDE_IN_FRAMEWORK_HEADER = YES;
				CLANG_WARN_RANGE_LOOP_ANALYSIS = YES;
				CLANG_WARN_STRICT_PROTOTYPES = YES;
				CLANG_WARN_SUSPICIOUS_MOVE = YES;
				CLANG_WARN_UNGUARDED_AVAILABILITY = YES_AGGRESSIVE;
				CLANG_WARN_UNREACHABLE_CODE = YES;
				CLANG_WARN__DUPLICATE_METHOD_MATCH = YES;
				COPY_PHASE_STRIP = NO;
				DEBUG_INFORMATION_FORMAT = dwarf;
				ENABLE_STRICT_OBJC_MSGSEND = YES;
				ENABLE_TESTABILITY = YES;
				ENABLE_USER_SCRIPT_SANDBOXING = YES;
				GCC_C_LANGUAGE_STANDARD = gnu17;
				GCC_DYNAMIC_NO_PIC = NO;
				GCC_NO_COMMON_BLOCKS = YES;
				GCC_OPTIMIZATION_LEVEL = 0;
				GCC_PREPROCESSOR_DEFINITIONS = (
					"DEBUG=1",
					"$(inherited)",
				);
				GCC_WARN_64_TO_32_BIT_CONVERSION = YES;
				GCC_WARN_ABOUT_RETURN_TYPE = YES_ERROR;
				GCC_WARN_UNDECLARED_SELECTOR = YES;
				GCC_WARN_UNINITIALIZED_AUTOS = YES_AGGRESSIVE;
				GCC_WARN_UNUSED_FUNCTION = YES;
				GCC_WARN_UNUSED_VARIABLE = YES;
				IPHONEOS_DEPLOYMENT_TARGET = 17.2;
				LOCALIZATION_PREFERS_STRING_CATALOGS = YES;
				MTL_ENABLE_DEBUG_INFO = INCLUDE_SOURCE;
				MTL_FAST_MATH = YES;
				ONLY_ACTIVE_ARCH = YES;
				SDKROOT = iphoneos;
				SWIFT_ACTIVE_COMPILATION_CONDITIONS = "DEBUG $(inherited)";
				SWIFT_OPTIMIZATION_LEVEL = "-Onone";
			};
			name = Debug;
		};
		A6F11BFA2BB9C1EB00DA2245 /* Release */ = {
			isa = XCBuildConfiguration;
			buildSettings = {
				ALWAYS_SEARCH_USER_PATHS = NO;
				ASSETCATALOG_COMPILER_GENERATE_SWIFT_ASSET_SYMBOL_EXTENSIONS = YES;
				CLANG_ANALYZER_NONNULL = YES;
				CLANG_ANALYZER_NUMBER_OBJECT_CONVERSION = YES_AGGRESSIVE;
				CLANG_CXX_LANGUAGE_STANDARD = "gnu++20";
				CLANG_ENABLE_MODULES = YES;
				CLANG_ENABLE_OBJC_ARC = YES;
				CLANG_ENABLE_OBJC_WEAK = YES;
				CLANG_WARN_BLOCK_CAPTURE_AUTORELEASING = YES;
				CLANG_WARN_BOOL_CONVERSION = YES;
				CLANG_WARN_COMMA = YES;
				CLANG_WARN_CONSTANT_CONVERSION = YES;
				CLANG_WARN_DEPRECATED_OBJC_IMPLEMENTATIONS = YES;
				CLANG_WARN_DIRECT_OBJC_ISA_USAGE = YES_ERROR;
				CLANG_WARN_DOCUMENTATION_COMMENTS = YES;
				CLANG_WARN_EMPTY_BODY = YES;
				CLANG_WARN_ENUM_CONVERSION = YES;
				CLANG_WARN_INFINITE_RECURSION = YES;
				CLANG_WARN_INT_CONVERSION = YES;
				CLANG_WARN_NON_LITERAL_NULL_CONVERSION = YES;
				CLANG_WARN_OBJC_IMPLICIT_RETAIN_SELF = YES;
				CLANG_WARN_OBJC_LITERAL_CONVERSION = YES;
				CLANG_WARN_OBJC_ROOT_CLASS = YES_ERROR;
				CLANG_WARN_QUOTED_INCLUDE_IN_FRAMEWORK_HEADER = YES;
				CLANG_WARN_RANGE_LOOP_ANALYSIS = YES;
				CLANG_WARN_STRICT_PROTOTYPES = YES;
				CLANG_WARN_SUSPICIOUS_MOVE = YES;
				CLANG_WARN_UNGUARDED_AVAILABILITY = YES_AGGRESSIVE;
				CLANG_WARN_UNREACHABLE_CODE = YES;
				CLANG_WARN__DUPLICATE_METHOD_MATCH = YES;
				COPY_PHASE_STRIP = NO;
				DEBUG_INFORMATION_FORMAT = "dwarf-with-dsym";
				ENABLE_NS_ASSERTIONS = NO;
				ENABLE_STRICT_OBJC_MSGSEND = YES;
				ENABLE_USER_SCRIPT_SANDBOXING = YES;
				GCC_C_LANGUAGE_STANDARD = gnu17;
				GCC_NO_COMMON_BLOCKS = YES;
				GCC_WARN_64_TO_32_BIT_CONVERSION = YES;
				GCC_WARN_ABOUT_RETURN_TYPE = YES_ERROR;
				GCC_WARN_UNDECLARED_SELECTOR = YES;
				GCC_WARN_UNINITIALIZED_AUTOS = YES_AGGRESSIVE;
				GCC_WARN_UNUSED_FUNCTION = YES;
				GCC_WARN_UNUSED_VARIABLE = YES;
				IPHONEOS_DEPLOYMENT_TARGET = 17.2;
				LOCALIZATION_PREFERS_STRING_CATALOGS = YES;
				MTL_ENABLE_DEBUG_INFO = NO;
				MTL_FAST_MATH = YES;
				SDKROOT = iphoneos;
				SWIFT_COMPILATION_MODE = wholemodule;
				VALIDATE_PRODUCT = YES;
			};
			name = Release;
		};
		A6F11BFC2BB9C1EB00DA2245 /* Debug */ = {
			isa = XCBuildConfiguration;
			buildSettings = {
				ASSETCATALOG_COMPILER_APPICON_NAME = AppIcon;
				ASSETCATALOG_COMPILER_GLOBAL_ACCENT_COLOR_NAME = AccentColor;
				CODE_SIGN_ENTITLEMENTS = health2/health2.entitlements;
				CODE_SIGN_STYLE = Automatic;
				CURRENT_PROJECT_VERSION = 1;
				DEVELOPMENT_ASSET_PATHS = "\"health2/Preview Content\"";
				DEVELOPMENT_TEAM = 65DT2NKP54;
				ENABLE_PREVIEWS = YES;
				GENERATE_INFOPLIST_FILE = YES;
				INFOPLIST_FILE = health2/Info.plist;
				INFOPLIST_KEY_NSHealthShareUsageDescription = "Access your step count data";
				INFOPLIST_KEY_NSHealthUpdateUsageDescription = "Access your step count data";
				INFOPLIST_KEY_UIApplicationSceneManifest_Generation = YES;
				INFOPLIST_KEY_UIApplicationSupportsIndirectInputEvents = YES;
				INFOPLIST_KEY_UILaunchScreen_Generation = YES;
				INFOPLIST_KEY_UISupportedInterfaceOrientations_iPad = "UIInterfaceOrientationPortrait UIInterfaceOrientationPortraitUpsideDown UIInterfaceOrientationLandscapeLeft UIInterfaceOrientationLandscapeRight";
				INFOPLIST_KEY_UISupportedInterfaceOrientations_iPhone = "UIInterfaceOrientationPortrait UIInterfaceOrientationLandscapeLeft UIInterfaceOrientationLandscapeRight";
				LD_RUNPATH_SEARCH_PATHS = (
					"$(inherited)",
					"@executable_path/Frameworks",
				);
				MARKETING_VERSION = 1.0;
				PRODUCT_BUNDLE_IDENTIFIER = Islam.health2;
				PRODUCT_NAME = "$(TARGET_NAME)";
				SWIFT_EMIT_LOC_STRINGS = YES;
				SWIFT_VERSION = 5.0;
				TARGETED_DEVICE_FAMILY = "1,2";
			};
			name = Debug;
		};
		A6F11BFD2BB9C1EB00DA2245 /* Release */ = {
			isa = XCBuildConfiguration;
			buildSettings = {
				ASSETCATALOG_COMPILER_APPICON_NAME = AppIcon;
				ASSETCATALOG_COMPILER_GLOBAL_ACCENT_COLOR_NAME = AccentColor;
				CODE_SIGN_ENTITLEMENTS = health2/health2.entitlements;
				CODE_SIGN_STYLE = Automatic;
				CURRENT_PROJECT_VERSION = 1;
				DEVELOPMENT_ASSET_PATHS = "\"health2/Preview Content\"";
				DEVELOPMENT_TEAM = 65DT2NKP54;
				ENABLE_PREVIEWS = YES;
				GENERATE_INFOPLIST_FILE = YES;
				INFOPLIST_FILE = health2/Info.plist;
				INFOPLIST_KEY_NSHealthShareUsageDescription = "Access your step count data";
				INFOPLIST_KEY_NSHealthUpdateUsageDescription = "Access your step count data";
				INFOPLIST_KEY_UIApplicationSceneManifest_Generation = YES;
				INFOPLIST_KEY_UIApplicationSupportsIndirectInputEvents = YES;
				INFOPLIST_KEY_UILaunchScreen_Generation = YES;
				INFOPLIST_KEY_UISupportedInterfaceOrientations_iPad = "UIInterfaceOrientationPortrait UIInterfaceOrientationPortraitUpsideDown UIInterfaceOrientationLandscapeLeft UIInterfaceOrientationLandscapeRight";
				INFOPLIST_KEY_UISupportedInterfaceOrientations_iPhone = "UIInterfaceOrientationPortrait UIInterfaceOrientationLandscapeLeft UIInterfaceOrientationLandscapeRight";
				LD_RUNPATH_SEARCH_PATHS = (
					"$(inherited)",
					"@executable_path/Frameworks",
				);
				MARKETING_VERSION = 1.0;
				PRODUCT_BUNDLE_IDENTIFIER = Islam.health2;
				PRODUCT_NAME = "$(TARGET_NAME)";
				SWIFT_EMIT_LOC_STRINGS = YES;
				SWIFT_VERSION = 5.0;
				TARGETED_DEVICE_FAMILY = "1,2";
			};
			name = Release;
		};
		A6F11BFF2BB9C1EB00DA2245 /* Debug */ = {
			isa = XCBuildConfiguration;
			buildSettings = {
				ALWAYS_EMBED_SWIFT_STANDARD_LIBRARIES = YES;
				BUNDLE_LOADER = "$(TEST_HOST)";
				CODE_SIGN_STYLE = Automatic;
				CURRENT_PROJECT_VERSION = 1;
				DEVELOPMENT_TEAM = 65DT2NKP54;
				GENERATE_INFOPLIST_FILE = YES;
				IPHONEOS_DEPLOYMENT_TARGET = 17.2;
				MARKETING_VERSION = 1.0;
				PRODUCT_BUNDLE_IDENTIFIER = Islam.health2Tests;
				PRODUCT_NAME = "$(TARGET_NAME)";
				SWIFT_EMIT_LOC_STRINGS = NO;
				SWIFT_VERSION = 5.0;
				TARGETED_DEVICE_FAMILY = "1,2";
				TEST_HOST = "$(BUILT_PRODUCTS_DIR)/health2.app/$(BUNDLE_EXECUTABLE_FOLDER_PATH)/health2";
			};
			name = Debug;
		};
		A6F11C002BB9C1EB00DA2245 /* Release */ = {
			isa = XCBuildConfiguration;
			buildSettings = {
				ALWAYS_EMBED_SWIFT_STANDARD_LIBRARIES = YES;
				BUNDLE_LOADER = "$(TEST_HOST)";
				CODE_SIGN_STYLE = Automatic;
				CURRENT_PROJECT_VERSION = 1;
				DEVELOPMENT_TEAM = 65DT2NKP54;
				GENERATE_INFOPLIST_FILE = YES;
				IPHONEOS_DEPLOYMENT_TARGET = 17.2;
				MARKETING_VERSION = 1.0;
				PRODUCT_BUNDLE_IDENTIFIER = Islam.health2Tests;
				PRODUCT_NAME = "$(TARGET_NAME)";
				SWIFT_EMIT_LOC_STRINGS = NO;
				SWIFT_VERSION = 5.0;
				TARGETED_DEVICE_FAMILY = "1,2";
				TEST_HOST = "$(BUILT_PRODUCTS_DIR)/health2.app/$(BUNDLE_EXECUTABLE_FOLDER_PATH)/health2";
			};
			name = Release;
		};
		A6F11C022BB9C1EB00DA2245 /* Debug */ = {
			isa = XCBuildConfiguration;
			buildSettings = {
				ALWAYS_EMBED_SWIFT_STANDARD_LIBRARIES = YES;
				CODE_SIGN_STYLE = Automatic;
				CURRENT_PROJECT_VERSION = 1;
				DEVELOPMENT_TEAM = 65DT2NKP54;
				GENERATE_INFOPLIST_FILE = YES;
				MARKETING_VERSION = 1.0;
				PRODUCT_BUNDLE_IDENTIFIER = Islam.health2UITests;
				PRODUCT_NAME = "$(TARGET_NAME)";
				SWIFT_EMIT_LOC_STRINGS = NO;
				SWIFT_VERSION = 5.0;
				TARGETED_DEVICE_FAMILY = "1,2";
				TEST_TARGET_NAME = health2;
			};
			name = Debug;
		};
		A6F11C032BB9C1EB00DA2245 /* Release */ = {
			isa = XCBuildConfiguration;
			buildSettings = {
				ALWAYS_EMBED_SWIFT_STANDARD_LIBRARIES = YES;
				CODE_SIGN_STYLE = Automatic;
				CURRENT_PROJECT_VERSION = 1;
				DEVELOPMENT_TEAM = 65DT2NKP54;
				GENERATE_INFOPLIST_FILE = YES;
				MARKETING_VERSION = 1.0;
				PRODUCT_BUNDLE_IDENTIFIER = Islam.health2UITests;
				PRODUCT_NAME = "$(TARGET_NAME)";
				SWIFT_EMIT_LOC_STRINGS = NO;
				SWIFT_VERSION = 5.0;
				TARGETED_DEVICE_FAMILY = "1,2";
				TEST_TARGET_NAME = health2;
			};
			name = Release;
		};
/* End XCBuildConfiguration section */

/* Begin XCConfigurationList section */
		A6F11BD22BB9C1EA00DA2245 /* Build configuration list for PBXProject "health2" */ = {
			isa = XCConfigurationList;
			buildConfigurations = (
				A6F11BF92BB9C1EB00DA2245 /* Debug */,
				A6F11BFA2BB9C1EB00DA2245 /* Release */,
			);
			defaultConfigurationIsVisible = 0;
			defaultConfigurationName = Release;
		};
		A6F11BFB2BB9C1EB00DA2245 /* Build configuration list for PBXNativeTarget "health2" */ = {
			isa = XCConfigurationList;
			buildConfigurations = (
				A6F11BFC2BB9C1EB00DA2245 /* Debug */,
				A6F11BFD2BB9C1EB00DA2245 /* Release */,
			);
			defaultConfigurationIsVisible = 0;
			defaultConfigurationName = Release;
		};
		A6F11BFE2BB9C1EB00DA2245 /* Build configuration list for PBXNativeTarget "health2Tests" */ = {
			isa = XCConfigurationList;
			buildConfigurations = (
				A6F11BFF2BB9C1EB00DA2245 /* Debug */,
				A6F11C002BB9C1EB00DA2245 /* Release */,
			);
			defaultConfigurationIsVisible = 0;
			defaultConfigurationName = Release;
		};
		A6F11C012BB9C1EB00DA2245 /* Build configuration list for PBXNativeTarget "health2UITests" */ = {
			isa = XCConfigurationList;
			buildConfigurations = (
				A6F11C022BB9C1EB00DA2245 /* Debug */,
				A6F11C032BB9C1EB00DA2245 /* Release */,
			);
			defaultConfigurationIsVisible = 0;
			defaultConfigurationName = Release;
		};
/* End XCConfigurationList section */

/* Begin XCRemoteSwiftPackageReference section */
		A6F11C062BB9CAE300DA2245 /* XCRemoteSwiftPackageReference "OpenAISwift" */ = {
			isa = XCRemoteSwiftPackageReference;
			repositoryURL = "https://github.com/adamrushy/OpenAISwift";
			requirement = {
				kind = upToNextMajorVersion;
				minimumVersion = 1.4.1;
			};
		};
/* End XCRemoteSwiftPackageReference section */

/* Begin XCSwiftPackageProductDependency section */
		A6F11C072BB9CAE300DA2245 /* OpenAISwift */ = {
			isa = XCSwiftPackageProductDependency;
			package = A6F11C062BB9CAE300DA2245 /* XCRemoteSwiftPackageReference "OpenAISwift" */;
			productName = OpenAISwift;
		};
/* End XCSwiftPackageProductDependency section */
	};
	rootObject = A6F11BCF2BB9C1EA00DA2245 /* Project object */;
}
